// !$*UTF8*$!
{
	archiveVersion = 1;
	classes = {
	};
	objectVersion = 55;
	objects = {

/* Begin PBXBuildFile section */
		5FF7DCD0102ED48D920F6F13 /* Pods_Kick_Off.framework in Frameworks */ = {isa = PBXBuildFile; fileRef = 06321A96C20EA5BFAC9A8030 /* Pods_Kick_Off.framework */; };
		C403108C27D3458200AB94E2 /* AppDelegate.swift in Sources */ = {isa = PBXBuildFile; fileRef = C403108B27D3458200AB94E2 /* AppDelegate.swift */; };
		C403108E27D3458200AB94E2 /* SceneDelegate.swift in Sources */ = {isa = PBXBuildFile; fileRef = C403108D27D3458200AB94E2 /* SceneDelegate.swift */; };
		C403109327D3458200AB94E2 /* Main.storyboard in Resources */ = {isa = PBXBuildFile; fileRef = C403109127D3458200AB94E2 /* Main.storyboard */; };
		C403109527D3458400AB94E2 /* Assets.xcassets in Resources */ = {isa = PBXBuildFile; fileRef = C403109427D3458400AB94E2 /* Assets.xcassets */; };
		C403109827D3458400AB94E2 /* LaunchScreen.storyboard in Resources */ = {isa = PBXBuildFile; fileRef = C403109627D3458400AB94E2 /* LaunchScreen.storyboard */; };
		C40B2F0D27D8C808001414DB /* MockNetworkService.swift in Sources */ = {isa = PBXBuildFile; fileRef = C40B2F0C27D8C808001414DB /* MockNetworkService.swift */; };
		C4468F1F27D3613000C77A86 /* BasePresenter.swift in Sources */ = {isa = PBXBuildFile; fileRef = C4468F1A27D3613000C77A86 /* BasePresenter.swift */; };
		C4468F2027D3613000C77A86 /* BaseViewController.swift in Sources */ = {isa = PBXBuildFile; fileRef = C4468F1B27D3613000C77A86 /* BaseViewController.swift */; };
		C4468F2127D3613000C77A86 /* BaseProtocols.swift in Sources */ = {isa = PBXBuildFile; fileRef = C4468F1C27D3613000C77A86 /* BaseProtocols.swift */; };
		C4468F2227D3613000C77A86 /* BaseInteractor.swift in Sources */ = {isa = PBXBuildFile; fileRef = C4468F1D27D3613000C77A86 /* BaseInteractor.swift */; };
		C4468F2327D3613000C77A86 /* BaseWireframe.swift in Sources */ = {isa = PBXBuildFile; fileRef = C4468F1E27D3613000C77A86 /* BaseWireframe.swift */; };
		C4468F2727D3803800C77A86 /* NetworkService.swift in Sources */ = {isa = PBXBuildFile; fileRef = C4468F2627D3803800C77A86 /* NetworkService.swift */; };
		C4468F2C27D3982B00C77A86 /* NetworkRequestAdapter.swift in Sources */ = {isa = PBXBuildFile; fileRef = C4468F2B27D3982B00C77A86 /* NetworkRequestAdapter.swift */; };
		C4468F2F27D3C1AC00C77A86 /* NetworkError.swift in Sources */ = {isa = PBXBuildFile; fileRef = C4468F2E27D3C1AC00C77A86 /* NetworkError.swift */; };
		C4468F3527D3CF7800C77A86 /* LoginPresenter.swift in Sources */ = {isa = PBXBuildFile; fileRef = C4468F3027D3CF7800C77A86 /* LoginPresenter.swift */; };
		C4468F3627D3CF7800C77A86 /* LoginViewController.swift in Sources */ = {isa = PBXBuildFile; fileRef = C4468F3127D3CF7800C77A86 /* LoginViewController.swift */; };
		C4468F3727D3CF7800C77A86 /* LoginProtocols.swift in Sources */ = {isa = PBXBuildFile; fileRef = C4468F3227D3CF7800C77A86 /* LoginProtocols.swift */; };
		C4468F3827D3CF7800C77A86 /* LoginInteractor.swift in Sources */ = {isa = PBXBuildFile; fileRef = C4468F3327D3CF7800C77A86 /* LoginInteractor.swift */; };
		C4468F3927D3CF7800C77A86 /* LoginWireframe.swift in Sources */ = {isa = PBXBuildFile; fileRef = C4468F3427D3CF7800C77A86 /* LoginWireframe.swift */; };
		C4468F3C27D3D04000C77A86 /* UIViewController+Extension.swift in Sources */ = {isa = PBXBuildFile; fileRef = C4468F3B27D3D04000C77A86 /* UIViewController+Extension.swift */; };
		C4468F3E27D3D20400C77A86 /* NSObject+Extension.swift in Sources */ = {isa = PBXBuildFile; fileRef = C4468F3D27D3D20300C77A86 /* NSObject+Extension.swift */; };
		C4468F4027D3E10600C77A86 /* Collection+Extension.swift in Sources */ = {isa = PBXBuildFile; fileRef = C4468F3F27D3E10600C77A86 /* Collection+Extension.swift */; };
		C4468F4427D5492E00C77A86 /* NetworkConstants.swift in Sources */ = {isa = PBXBuildFile; fileRef = C4468F4327D5492E00C77A86 /* NetworkConstants.swift */; };
		C4468F4827D54D8400C77A86 /* LoginModel.swift in Sources */ = {isa = PBXBuildFile; fileRef = C4468F4727D54D8400C77A86 /* LoginModel.swift */; };
		C4468F4A27D5FE9200C77A86 /* UserDefaults+Keys.swift in Sources */ = {isa = PBXBuildFile; fileRef = C4468F4927D5FE9200C77A86 /* UserDefaults+Keys.swift */; };
		C4468F5227D603D100C77A86 /* HomePresenter.swift in Sources */ = {isa = PBXBuildFile; fileRef = C4468F4D27D603D100C77A86 /* HomePresenter.swift */; };
		C4468F5327D603D100C77A86 /* HomeViewController.swift in Sources */ = {isa = PBXBuildFile; fileRef = C4468F4E27D603D100C77A86 /* HomeViewController.swift */; };
		C4468F5427D603D100C77A86 /* HomeProtocols.swift in Sources */ = {isa = PBXBuildFile; fileRef = C4468F4F27D603D100C77A86 /* HomeProtocols.swift */; };
		C4468F5527D603D100C77A86 /* HomeInteractor.swift in Sources */ = {isa = PBXBuildFile; fileRef = C4468F5027D603D100C77A86 /* HomeInteractor.swift */; };
		C4468F5627D603D100C77A86 /* HomeWireframe.swift in Sources */ = {isa = PBXBuildFile; fileRef = C4468F5127D603D100C77A86 /* HomeWireframe.swift */; };
		C4468F5827D6B57300C77A86 /* ContentsModel.swift in Sources */ = {isa = PBXBuildFile; fileRef = C4468F5727D6B57300C77A86 /* ContentsModel.swift */; };
		C4468F5B27D6BC1B00C77A86 /* ContentCell.swift in Sources */ = {isa = PBXBuildFile; fileRef = C4468F5A27D6BC1B00C77A86 /* ContentCell.swift */; };
		C4468F5D27D6BC4400C77A86 /* ContentCell.xib in Resources */ = {isa = PBXBuildFile; fileRef = C4468F5C27D6BC4400C77A86 /* ContentCell.xib */; };
		C47A56BF27D7AB5900FC794D /* Attributes.swift in Sources */ = {isa = PBXBuildFile; fileRef = C47A56B227D7AB5900FC794D /* Attributes.swift */; };
		C47A56C027D7AB5900FC794D /* XmlRender.swift in Sources */ = {isa = PBXBuildFile; fileRef = C47A56B327D7AB5900FC794D /* XmlRender.swift */; };
		C47A56C127D7AB5900FC794D /* MediaType.swift in Sources */ = {isa = PBXBuildFile; fileRef = C47A56B427D7AB5900FC794D /* MediaType.swift */; };
		C47A56C227D7AB5900FC794D /* HtmlRender.swift in Sources */ = {isa = PBXBuildFile; fileRef = C47A56B527D7AB5900FC794D /* HtmlRender.swift */; };
		C47A56C327D7AB5900FC794D /* Events.swift in Sources */ = {isa = PBXBuildFile; fileRef = C47A56B627D7AB5900FC794D /* Events.swift */; };
		C47A56C427D7AB5900FC794D /* Elements.swift in Sources */ = {isa = PBXBuildFile; fileRef = C47A56B727D7AB5900FC794D /* Elements.swift */; };
		C47A56C527D7AB5900FC794D /* Aria.swift in Sources */ = {isa = PBXBuildFile; fileRef = C47A56B827D7AB5900FC794D /* Aria.swift */; };
		C47A56C627D7AB5900FC794D /* Html4.swift in Sources */ = {isa = PBXBuildFile; fileRef = C47A56B927D7AB5900FC794D /* Html4.swift */; };
		C47A56C727D7AB5900FC794D /* DebugXmlRender.swift in Sources */ = {isa = PBXBuildFile; fileRef = C47A56BA27D7AB5900FC794D /* DebugXmlRender.swift */; };
		C47A56C827D7AB5900FC794D /* Tag.swift in Sources */ = {isa = PBXBuildFile; fileRef = C47A56BB27D7AB5900FC794D /* Tag.swift */; };
		C47A56C927D7AB5900FC794D /* ChildOf.swift in Sources */ = {isa = PBXBuildFile; fileRef = C47A56BC27D7AB5900FC794D /* ChildOf.swift */; };
		C47A56CA27D7AB5900FC794D /* DebugRender.swift in Sources */ = {isa = PBXBuildFile; fileRef = C47A56BD27D7AB5900FC794D /* DebugRender.swift */; };
		C47A56CB27D7AB5900FC794D /* Node.swift in Sources */ = {isa = PBXBuildFile; fileRef = C47A56BE27D7AB5900FC794D /* Node.swift */; };
		C47A56CD27D7B4CD00FC794D /* TagCell.swift in Sources */ = {isa = PBXBuildFile; fileRef = C47A56CC27D7B4CD00FC794D /* TagCell.swift */; };
		C47A56CF27D7B4F400FC794D /* TagCell.xib in Resources */ = {isa = PBXBuildFile; fileRef = C47A56CE27D7B4F400FC794D /* TagCell.xib */; };
		C47A56D127D7B63F00FC794D /* UIColor+Init.swift in Sources */ = {isa = PBXBuildFile; fileRef = C47A56D027D7B63F00FC794D /* UIColor+Init.swift */; };
		C47A56D327D7CBE300FC794D /* TagsCollectionViewFlowLayout.swift in Sources */ = {isa = PBXBuildFile; fileRef = C47A56D227D7CBE300FC794D /* TagsCollectionViewFlowLayout.swift */; };
		C47A56DA27D7D5B900FC794D /* DetailPresenter.swift in Sources */ = {isa = PBXBuildFile; fileRef = C47A56D527D7D5B900FC794D /* DetailPresenter.swift */; };
		C47A56DB27D7D5B900FC794D /* DetailViewController.swift in Sources */ = {isa = PBXBuildFile; fileRef = C47A56D627D7D5B900FC794D /* DetailViewController.swift */; };
		C47A56DC27D7D5B900FC794D /* DetailProtocols.swift in Sources */ = {isa = PBXBuildFile; fileRef = C47A56D727D7D5B900FC794D /* DetailProtocols.swift */; };
		C47A56DD27D7D5B900FC794D /* DetailInteractor.swift in Sources */ = {isa = PBXBuildFile; fileRef = C47A56D827D7D5B900FC794D /* DetailInteractor.swift */; };
		C47A56DE27D7D5B900FC794D /* DetailWireframe.swift in Sources */ = {isa = PBXBuildFile; fileRef = C47A56D927D7D5B900FC794D /* DetailWireframe.swift */; };
		C47A56E027D7E9D200FC794D /* UIView+Shadow.swift in Sources */ = {isa = PBXBuildFile; fileRef = C47A56DF27D7E9D200FC794D /* UIView+Shadow.swift */; };
		C47A56E227D7EA4E00FC794D /* UIView+RoundCorners.swift in Sources */ = {isa = PBXBuildFile; fileRef = C47A56E127D7EA4E00FC794D /* UIView+RoundCorners.swift */; };
		C47A56E627D81ED000FC794D /* ContentDetailModel.swift in Sources */ = {isa = PBXBuildFile; fileRef = C47A56E527D81ED000FC794D /* ContentDetailModel.swift */; };
		C47A56E827D8328E00FC794D /* HtmlStyleSheet.swift in Sources */ = {isa = PBXBuildFile; fileRef = C47A56E727D8328E00FC794D /* HtmlStyleSheet.swift */; };
		C4DB739727D8994800C171AF /* LoginInteractorTests.swift in Sources */ = {isa = PBXBuildFile; fileRef = C4DB739627D8994800C171AF /* LoginInteractorTests.swift */; };
		C4DB739927D8A1D200C171AF /* MockedData.swift in Sources */ = {isa = PBXBuildFile; fileRef = C4DB739827D8A1D200C171AF /* MockedData.swift */; };
		C4DB739C27D8A22A00C171AF /* login_stub.json in Resources */ = {isa = PBXBuildFile; fileRef = C4DB739B27D8A22A00C171AF /* login_stub.json */; };
		C4DB739F27D8A36B00C171AF /* MockLoginPresenter.swift in Sources */ = {isa = PBXBuildFile; fileRef = C4DB739E27D8A36B00C171AF /* MockLoginPresenter.swift */; };
/* End PBXBuildFile section */

/* Begin PBXContainerItemProxy section */
		C4DB738F27D8953600C171AF /* PBXContainerItemProxy */ = {
			isa = PBXContainerItemProxy;
			containerPortal = C403108027D3458200AB94E2 /* Project object */;
			proxyType = 1;
			remoteGlobalIDString = C403108727D3458200AB94E2;
			remoteInfo = "Kick-Off";
		};
/* End PBXContainerItemProxy section */

/* Begin PBXFileReference section */
		06321A96C20EA5BFAC9A8030 /* Pods_Kick_Off.framework */ = {isa = PBXFileReference; explicitFileType = wrapper.framework; includeInIndex = 0; path = Pods_Kick_Off.framework; sourceTree = BUILT_PRODUCTS_DIR; };
		C403108827D3458200AB94E2 /* Kick-Off.app */ = {isa = PBXFileReference; explicitFileType = wrapper.application; includeInIndex = 0; path = "Kick-Off.app"; sourceTree = BUILT_PRODUCTS_DIR; };
		C403108B27D3458200AB94E2 /* AppDelegate.swift */ = {isa = PBXFileReference; lastKnownFileType = sourcecode.swift; path = AppDelegate.swift; sourceTree = "<group>"; };
		C403108D27D3458200AB94E2 /* SceneDelegate.swift */ = {isa = PBXFileReference; lastKnownFileType = sourcecode.swift; path = SceneDelegate.swift; sourceTree = "<group>"; };
		C403109227D3458200AB94E2 /* Base */ = {isa = PBXFileReference; lastKnownFileType = file.storyboard; name = Base; path = Base.lproj/Main.storyboard; sourceTree = "<group>"; };
		C403109427D3458400AB94E2 /* Assets.xcassets */ = {isa = PBXFileReference; lastKnownFileType = folder.assetcatalog; path = Assets.xcassets; sourceTree = "<group>"; };
		C403109727D3458400AB94E2 /* Base */ = {isa = PBXFileReference; lastKnownFileType = file.storyboard; name = Base; path = Base.lproj/LaunchScreen.storyboard; sourceTree = "<group>"; };
		C403109927D3458400AB94E2 /* Info.plist */ = {isa = PBXFileReference; lastKnownFileType = text.plist.xml; path = Info.plist; sourceTree = "<group>"; };
		C40B2F0B27D8BFB9001414DB /* Info.plist */ = {isa = PBXFileReference; lastKnownFileType = text.plist; path = Info.plist; sourceTree = "<group>"; };
		C40B2F0C27D8C808001414DB /* MockNetworkService.swift */ = {isa = PBXFileReference; lastKnownFileType = sourcecode.swift; path = MockNetworkService.swift; sourceTree = "<group>"; };
		C4468F1A27D3613000C77A86 /* BasePresenter.swift */ = {isa = PBXFileReference; lastKnownFileType = sourcecode.swift; path = BasePresenter.swift; sourceTree = "<group>"; };
		C4468F1B27D3613000C77A86 /* BaseViewController.swift */ = {isa = PBXFileReference; lastKnownFileType = sourcecode.swift; path = BaseViewController.swift; sourceTree = "<group>"; };
		C4468F1C27D3613000C77A86 /* BaseProtocols.swift */ = {isa = PBXFileReference; lastKnownFileType = sourcecode.swift; path = BaseProtocols.swift; sourceTree = "<group>"; };
		C4468F1D27D3613000C77A86 /* BaseInteractor.swift */ = {isa = PBXFileReference; lastKnownFileType = sourcecode.swift; path = BaseInteractor.swift; sourceTree = "<group>"; };
		C4468F1E27D3613000C77A86 /* BaseWireframe.swift */ = {isa = PBXFileReference; lastKnownFileType = sourcecode.swift; path = BaseWireframe.swift; sourceTree = "<group>"; };
		C4468F2627D3803800C77A86 /* NetworkService.swift */ = {isa = PBXFileReference; lastKnownFileType = sourcecode.swift; path = NetworkService.swift; sourceTree = "<group>"; };
		C4468F2B27D3982B00C77A86 /* NetworkRequestAdapter.swift */ = {isa = PBXFileReference; lastKnownFileType = sourcecode.swift; path = NetworkRequestAdapter.swift; sourceTree = "<group>"; };
		C4468F2E27D3C1AC00C77A86 /* NetworkError.swift */ = {isa = PBXFileReference; lastKnownFileType = sourcecode.swift; path = NetworkError.swift; sourceTree = "<group>"; };
		C4468F3027D3CF7800C77A86 /* LoginPresenter.swift */ = {isa = PBXFileReference; lastKnownFileType = sourcecode.swift; path = LoginPresenter.swift; sourceTree = "<group>"; };
		C4468F3127D3CF7800C77A86 /* LoginViewController.swift */ = {isa = PBXFileReference; lastKnownFileType = sourcecode.swift; path = LoginViewController.swift; sourceTree = "<group>"; };
		C4468F3227D3CF7800C77A86 /* LoginProtocols.swift */ = {isa = PBXFileReference; lastKnownFileType = sourcecode.swift; path = LoginProtocols.swift; sourceTree = "<group>"; };
		C4468F3327D3CF7800C77A86 /* LoginInteractor.swift */ = {isa = PBXFileReference; lastKnownFileType = sourcecode.swift; path = LoginInteractor.swift; sourceTree = "<group>"; };
		C4468F3427D3CF7800C77A86 /* LoginWireframe.swift */ = {isa = PBXFileReference; lastKnownFileType = sourcecode.swift; path = LoginWireframe.swift; sourceTree = "<group>"; };
		C4468F3B27D3D04000C77A86 /* UIViewController+Extension.swift */ = {isa = PBXFileReference; lastKnownFileType = sourcecode.swift; path = "UIViewController+Extension.swift"; sourceTree = "<group>"; };
		C4468F3D27D3D20300C77A86 /* NSObject+Extension.swift */ = {isa = PBXFileReference; lastKnownFileType = sourcecode.swift; path = "NSObject+Extension.swift"; sourceTree = "<group>"; };
		C4468F3F27D3E10600C77A86 /* Collection+Extension.swift */ = {isa = PBXFileReference; lastKnownFileType = sourcecode.swift; path = "Collection+Extension.swift"; sourceTree = "<group>"; };
		C4468F4327D5492E00C77A86 /* NetworkConstants.swift */ = {isa = PBXFileReference; lastKnownFileType = sourcecode.swift; path = NetworkConstants.swift; sourceTree = "<group>"; };
		C4468F4727D54D8400C77A86 /* LoginModel.swift */ = {isa = PBXFileReference; lastKnownFileType = sourcecode.swift; path = LoginModel.swift; sourceTree = "<group>"; };
		C4468F4927D5FE9200C77A86 /* UserDefaults+Keys.swift */ = {isa = PBXFileReference; lastKnownFileType = sourcecode.swift; path = "UserDefaults+Keys.swift"; sourceTree = "<group>"; };
		C4468F4D27D603D100C77A86 /* HomePresenter.swift */ = {isa = PBXFileReference; lastKnownFileType = sourcecode.swift; path = HomePresenter.swift; sourceTree = "<group>"; };
		C4468F4E27D603D100C77A86 /* HomeViewController.swift */ = {isa = PBXFileReference; lastKnownFileType = sourcecode.swift; path = HomeViewController.swift; sourceTree = "<group>"; };
		C4468F4F27D603D100C77A86 /* HomeProtocols.swift */ = {isa = PBXFileReference; lastKnownFileType = sourcecode.swift; path = HomeProtocols.swift; sourceTree = "<group>"; };
		C4468F5027D603D100C77A86 /* HomeInteractor.swift */ = {isa = PBXFileReference; lastKnownFileType = sourcecode.swift; path = HomeInteractor.swift; sourceTree = "<group>"; };
		C4468F5127D603D100C77A86 /* HomeWireframe.swift */ = {isa = PBXFileReference; lastKnownFileType = sourcecode.swift; path = HomeWireframe.swift; sourceTree = "<group>"; };
		C4468F5727D6B57300C77A86 /* ContentsModel.swift */ = {isa = PBXFileReference; lastKnownFileType = sourcecode.swift; path = ContentsModel.swift; sourceTree = "<group>"; };
		C4468F5A27D6BC1B00C77A86 /* ContentCell.swift */ = {isa = PBXFileReference; lastKnownFileType = sourcecode.swift; path = ContentCell.swift; sourceTree = "<group>"; };
		C4468F5C27D6BC4400C77A86 /* ContentCell.xib */ = {isa = PBXFileReference; lastKnownFileType = file.xib; path = ContentCell.xib; sourceTree = "<group>"; };
		C47A56B227D7AB5900FC794D /* Attributes.swift */ = {isa = PBXFileReference; fileEncoding = 4; lastKnownFileType = sourcecode.swift; path = Attributes.swift; sourceTree = "<group>"; };
		C47A56B327D7AB5900FC794D /* XmlRender.swift */ = {isa = PBXFileReference; fileEncoding = 4; lastKnownFileType = sourcecode.swift; path = XmlRender.swift; sourceTree = "<group>"; };
		C47A56B427D7AB5900FC794D /* MediaType.swift */ = {isa = PBXFileReference; fileEncoding = 4; lastKnownFileType = sourcecode.swift; path = MediaType.swift; sourceTree = "<group>"; };
		C47A56B527D7AB5900FC794D /* HtmlRender.swift */ = {isa = PBXFileReference; fileEncoding = 4; lastKnownFileType = sourcecode.swift; path = HtmlRender.swift; sourceTree = "<group>"; };
		C47A56B627D7AB5900FC794D /* Events.swift */ = {isa = PBXFileReference; fileEncoding = 4; lastKnownFileType = sourcecode.swift; path = Events.swift; sourceTree = "<group>"; };
		C47A56B727D7AB5900FC794D /* Elements.swift */ = {isa = PBXFileReference; fileEncoding = 4; lastKnownFileType = sourcecode.swift; path = Elements.swift; sourceTree = "<group>"; };
		C47A56B827D7AB5900FC794D /* Aria.swift */ = {isa = PBXFileReference; fileEncoding = 4; lastKnownFileType = sourcecode.swift; path = Aria.swift; sourceTree = "<group>"; };
		C47A56B927D7AB5900FC794D /* Html4.swift */ = {isa = PBXFileReference; fileEncoding = 4; lastKnownFileType = sourcecode.swift; path = Html4.swift; sourceTree = "<group>"; };
		C47A56BA27D7AB5900FC794D /* DebugXmlRender.swift */ = {isa = PBXFileReference; fileEncoding = 4; lastKnownFileType = sourcecode.swift; path = DebugXmlRender.swift; sourceTree = "<group>"; };
		C47A56BB27D7AB5900FC794D /* Tag.swift */ = {isa = PBXFileReference; fileEncoding = 4; lastKnownFileType = sourcecode.swift; path = Tag.swift; sourceTree = "<group>"; };
		C47A56BC27D7AB5900FC794D /* ChildOf.swift */ = {isa = PBXFileReference; fileEncoding = 4; lastKnownFileType = sourcecode.swift; path = ChildOf.swift; sourceTree = "<group>"; };
		C47A56BD27D7AB5900FC794D /* DebugRender.swift */ = {isa = PBXFileReference; fileEncoding = 4; lastKnownFileType = sourcecode.swift; path = DebugRender.swift; sourceTree = "<group>"; };
		C47A56BE27D7AB5900FC794D /* Node.swift */ = {isa = PBXFileReference; fileEncoding = 4; lastKnownFileType = sourcecode.swift; path = Node.swift; sourceTree = "<group>"; };
		C47A56CC27D7B4CD00FC794D /* TagCell.swift */ = {isa = PBXFileReference; lastKnownFileType = sourcecode.swift; path = TagCell.swift; sourceTree = "<group>"; };
		C47A56CE27D7B4F400FC794D /* TagCell.xib */ = {isa = PBXFileReference; lastKnownFileType = file.xib; path = TagCell.xib; sourceTree = "<group>"; };
		C47A56D027D7B63F00FC794D /* UIColor+Init.swift */ = {isa = PBXFileReference; lastKnownFileType = sourcecode.swift; path = "UIColor+Init.swift"; sourceTree = "<group>"; };
		C47A56D227D7CBE300FC794D /* TagsCollectionViewFlowLayout.swift */ = {isa = PBXFileReference; lastKnownFileType = sourcecode.swift; path = TagsCollectionViewFlowLayout.swift; sourceTree = "<group>"; };
		C47A56D527D7D5B900FC794D /* DetailPresenter.swift */ = {isa = PBXFileReference; lastKnownFileType = sourcecode.swift; path = DetailPresenter.swift; sourceTree = "<group>"; };
		C47A56D627D7D5B900FC794D /* DetailViewController.swift */ = {isa = PBXFileReference; lastKnownFileType = sourcecode.swift; path = DetailViewController.swift; sourceTree = "<group>"; };
		C47A56D727D7D5B900FC794D /* DetailProtocols.swift */ = {isa = PBXFileReference; lastKnownFileType = sourcecode.swift; path = DetailProtocols.swift; sourceTree = "<group>"; };
		C47A56D827D7D5B900FC794D /* DetailInteractor.swift */ = {isa = PBXFileReference; lastKnownFileType = sourcecode.swift; path = DetailInteractor.swift; sourceTree = "<group>"; };
		C47A56D927D7D5B900FC794D /* DetailWireframe.swift */ = {isa = PBXFileReference; lastKnownFileType = sourcecode.swift; path = DetailWireframe.swift; sourceTree = "<group>"; };
		C47A56DF27D7E9D200FC794D /* UIView+Shadow.swift */ = {isa = PBXFileReference; lastKnownFileType = sourcecode.swift; path = "UIView+Shadow.swift"; sourceTree = "<group>"; };
		C47A56E127D7EA4E00FC794D /* UIView+RoundCorners.swift */ = {isa = PBXFileReference; lastKnownFileType = sourcecode.swift; path = "UIView+RoundCorners.swift"; sourceTree = "<group>"; };
		C47A56E527D81ED000FC794D /* ContentDetailModel.swift */ = {isa = PBXFileReference; lastKnownFileType = sourcecode.swift; path = ContentDetailModel.swift; sourceTree = "<group>"; };
		C47A56E727D8328E00FC794D /* HtmlStyleSheet.swift */ = {isa = PBXFileReference; lastKnownFileType = sourcecode.swift; path = HtmlStyleSheet.swift; sourceTree = "<group>"; };
		C4DB738B27D8953600C171AF /* Kick-OffTests.xctest */ = {isa = PBXFileReference; explicitFileType = wrapper.cfbundle; includeInIndex = 0; path = "Kick-OffTests.xctest"; sourceTree = BUILT_PRODUCTS_DIR; };
		C4DB739627D8994800C171AF /* LoginInteractorTests.swift */ = {isa = PBXFileReference; lastKnownFileType = sourcecode.swift; path = LoginInteractorTests.swift; sourceTree = "<group>"; };
		C4DB739827D8A1D200C171AF /* MockedData.swift */ = {isa = PBXFileReference; lastKnownFileType = sourcecode.swift; path = MockedData.swift; sourceTree = "<group>"; };
		C4DB739B27D8A22A00C171AF /* login_stub.json */ = {isa = PBXFileReference; lastKnownFileType = text.json; path = login_stub.json; sourceTree = "<group>"; };
		C4DB739E27D8A36B00C171AF /* MockLoginPresenter.swift */ = {isa = PBXFileReference; lastKnownFileType = sourcecode.swift; path = MockLoginPresenter.swift; sourceTree = "<group>"; };
		E2D348D96A7F5C92DA05D5D6 /* Pods-Kick-Off.debug.xcconfig */ = {isa = PBXFileReference; includeInIndex = 1; lastKnownFileType = text.xcconfig; name = "Pods-Kick-Off.debug.xcconfig"; path = "Target Support Files/Pods-Kick-Off/Pods-Kick-Off.debug.xcconfig"; sourceTree = "<group>"; };
		E743B612121622F124734565 /* Pods-Kick-Off.release.xcconfig */ = {isa = PBXFileReference; includeInIndex = 1; lastKnownFileType = text.xcconfig; name = "Pods-Kick-Off.release.xcconfig"; path = "Target Support Files/Pods-Kick-Off/Pods-Kick-Off.release.xcconfig"; sourceTree = "<group>"; };
/* End PBXFileReference section */

/* Begin PBXFrameworksBuildPhase section */
		C403108527D3458200AB94E2 /* Frameworks */ = {
			isa = PBXFrameworksBuildPhase;
			buildActionMask = 2147483647;
			files = (
				5FF7DCD0102ED48D920F6F13 /* Pods_Kick_Off.framework in Frameworks */,
			);
			runOnlyForDeploymentPostprocessing = 0;
		};
		C4DB738827D8953600C171AF /* Frameworks */ = {
			isa = PBXFrameworksBuildPhase;
			buildActionMask = 2147483647;
			files = (
			);
			runOnlyForDeploymentPostprocessing = 0;
		};
/* End PBXFrameworksBuildPhase section */

/* Begin PBXGroup section */
		4639EC3CDCF5B75E4ADF47C7 /* Pods */ = {
			isa = PBXGroup;
			children = (
				E2D348D96A7F5C92DA05D5D6 /* Pods-Kick-Off.debug.xcconfig */,
				E743B612121622F124734565 /* Pods-Kick-Off.release.xcconfig */,
			);
			path = Pods;
			sourceTree = "<group>";
		};
		C403107F27D3458200AB94E2 = {
			isa = PBXGroup;
			children = (
				C403108A27D3458200AB94E2 /* Kick-Off */,
				C4DB738C27D8953600C171AF /* Kick-OffTests */,
				C403108927D3458200AB94E2 /* Products */,
				4639EC3CDCF5B75E4ADF47C7 /* Pods */,
				E093CB63FFFD560EE8AAF9AF /* Frameworks */,
			);
			sourceTree = "<group>";
		};
		C403108927D3458200AB94E2 /* Products */ = {
			isa = PBXGroup;
			children = (
				C403108827D3458200AB94E2 /* Kick-Off.app */,
				C4DB738B27D8953600C171AF /* Kick-OffTests.xctest */,
			);
			name = Products;
			sourceTree = "<group>";
		};
		C403108A27D3458200AB94E2 /* Kick-Off */ = {
			isa = PBXGroup;
			children = (
				C403109F27D3496A00AB94E2 /* Application */,
				C40310A027D349B900AB94E2 /* Base */,
				C4468F4227D546FA00C77A86 /* Common */,
				C40310A127D349D100AB94E2 /* Scenes */,
				C4468F2427D37FFC00C77A86 /* Services */,
			);
			path = "Kick-Off";
			sourceTree = "<group>";
		};
		C403109F27D3496A00AB94E2 /* Application */ = {
			isa = PBXGroup;
			children = (
				C403109927D3458400AB94E2 /* Info.plist */,
				C403108B27D3458200AB94E2 /* AppDelegate.swift */,
				C403108D27D3458200AB94E2 /* SceneDelegate.swift */,
				C403109627D3458400AB94E2 /* LaunchScreen.storyboard */,
				C403109427D3458400AB94E2 /* Assets.xcassets */,
			);
			path = Application;
			sourceTree = "<group>";
		};
		C40310A027D349B900AB94E2 /* Base */ = {
			isa = PBXGroup;
			children = (
				C4468F1A27D3613000C77A86 /* BasePresenter.swift */,
				C4468F1B27D3613000C77A86 /* BaseViewController.swift */,
				C4468F1C27D3613000C77A86 /* BaseProtocols.swift */,
				C4468F1D27D3613000C77A86 /* BaseInteractor.swift */,
				C4468F1E27D3613000C77A86 /* BaseWireframe.swift */,
			);
			path = Base;
			sourceTree = "<group>";
		};
		C40310A127D349D100AB94E2 /* Scenes */ = {
			isa = PBXGroup;
			children = (
				C403109127D3458200AB94E2 /* Main.storyboard */,
				C40310A227D34A6E00AB94E2 /* Login */,
				C4468F4C27D603BD00C77A86 /* Home */,
				C47A56D427D7D5A500FC794D /* Detail */,
			);
			path = Scenes;
			sourceTree = "<group>";
		};
		C40310A227D34A6E00AB94E2 /* Login */ = {
			isa = PBXGroup;
			children = (
				C4468F3027D3CF7800C77A86 /* LoginPresenter.swift */,
				C4468F3127D3CF7800C77A86 /* LoginViewController.swift */,
				C4468F3227D3CF7800C77A86 /* LoginProtocols.swift */,
				C4468F3327D3CF7800C77A86 /* LoginInteractor.swift */,
				C4468F3427D3CF7800C77A86 /* LoginWireframe.swift */,
			);
			path = Login;
			sourceTree = "<group>";
		};
		C4468F2427D37FFC00C77A86 /* Services */ = {
			isa = PBXGroup;
			children = (
				C4468F2527D3801700C77A86 /* Network */,
			);
			path = Services;
			sourceTree = "<group>";
		};
		C4468F2527D3801700C77A86 /* Network */ = {
			isa = PBXGroup;
			children = (
				C4468F2D27D3C1A200C77A86 /* Models */,
				C4468F2627D3803800C77A86 /* NetworkService.swift */,
				C4468F2B27D3982B00C77A86 /* NetworkRequestAdapter.swift */,
			);
			path = Network;
			sourceTree = "<group>";
		};
		C4468F2827D382F300C77A86 /* Utils */ = {
			isa = PBXGroup;
			children = (
			);
			path = Utils;
			sourceTree = "<group>";
		};
		C4468F2D27D3C1A200C77A86 /* Models */ = {
			isa = PBXGroup;
			children = (
				C4468F4727D54D8400C77A86 /* LoginModel.swift */,
				C4468F5727D6B57300C77A86 /* ContentsModel.swift */,
				C47A56E527D81ED000FC794D /* ContentDetailModel.swift */,
				C4468F2E27D3C1AC00C77A86 /* NetworkError.swift */,
			);
			path = Models;
			sourceTree = "<group>";
		};
		C4468F3A27D3CFF700C77A86 /* Extensions */ = {
			isa = PBXGroup;
			children = (
				C4468F3F27D3E10600C77A86 /* Collection+Extension.swift */,
				C4468F3D27D3D20300C77A86 /* NSObject+Extension.swift */,
				C4468F3B27D3D04000C77A86 /* UIViewController+Extension.swift */,
				C47A56DF27D7E9D200FC794D /* UIView+Shadow.swift */,
				C47A56E127D7EA4E00FC794D /* UIView+RoundCorners.swift */,
				C47A56D027D7B63F00FC794D /* UIColor+Init.swift */,
				C4468F4927D5FE9200C77A86 /* UserDefaults+Keys.swift */,
			);
			path = Extensions;
			sourceTree = "<group>";
		};
		C4468F4127D546EC00C77A86 /* Constants */ = {
			isa = PBXGroup;
			children = (
				C4468F4327D5492E00C77A86 /* NetworkConstants.swift */,
				C47A56E727D8328E00FC794D /* HtmlStyleSheet.swift */,
			);
			path = Constants;
			sourceTree = "<group>";
		};
		C4468F4227D546FA00C77A86 /* Common */ = {
			isa = PBXGroup;
			children = (
				C47A56B127D7AB5900FC794D /* Html Render */,
				C4468F4127D546EC00C77A86 /* Constants */,
				C4468F3A27D3CFF700C77A86 /* Extensions */,
				C4468F2827D382F300C77A86 /* Utils */,
			);
			path = Common;
			sourceTree = "<group>";
		};
		C4468F4C27D603BD00C77A86 /* Home */ = {
			isa = PBXGroup;
			children = (
				C4468F5927D6BB9900C77A86 /* Cells */,
				C4468F4D27D603D100C77A86 /* HomePresenter.swift */,
				C4468F4E27D603D100C77A86 /* HomeViewController.swift */,
				C4468F4F27D603D100C77A86 /* HomeProtocols.swift */,
				C4468F5027D603D100C77A86 /* HomeInteractor.swift */,
				C4468F5127D603D100C77A86 /* HomeWireframe.swift */,
			);
			path = Home;
			sourceTree = "<group>";
		};
		C4468F5927D6BB9900C77A86 /* Cells */ = {
			isa = PBXGroup;
			children = (
				C4468F5A27D6BC1B00C77A86 /* ContentCell.swift */,
				C4468F5C27D6BC4400C77A86 /* ContentCell.xib */,
				C47A56CC27D7B4CD00FC794D /* TagCell.swift */,
				C47A56CE27D7B4F400FC794D /* TagCell.xib */,
				C47A56D227D7CBE300FC794D /* TagsCollectionViewFlowLayout.swift */,
			);
			path = Cells;
			sourceTree = "<group>";
		};
		C47A56B127D7AB5900FC794D /* Html Render */ = {
			isa = PBXGroup;
			children = (
				C47A56B227D7AB5900FC794D /* Attributes.swift */,
				C47A56B327D7AB5900FC794D /* XmlRender.swift */,
				C47A56B427D7AB5900FC794D /* MediaType.swift */,
				C47A56B527D7AB5900FC794D /* HtmlRender.swift */,
				C47A56B627D7AB5900FC794D /* Events.swift */,
				C47A56B727D7AB5900FC794D /* Elements.swift */,
				C47A56B827D7AB5900FC794D /* Aria.swift */,
				C47A56B927D7AB5900FC794D /* Html4.swift */,
				C47A56BA27D7AB5900FC794D /* DebugXmlRender.swift */,
				C47A56BB27D7AB5900FC794D /* Tag.swift */,
				C47A56BC27D7AB5900FC794D /* ChildOf.swift */,
				C47A56BD27D7AB5900FC794D /* DebugRender.swift */,
				C47A56BE27D7AB5900FC794D /* Node.swift */,
			);
			path = "Html Render";
			sourceTree = "<group>";
		};
		C47A56D427D7D5A500FC794D /* Detail */ = {
			isa = PBXGroup;
			children = (
				C47A56D527D7D5B900FC794D /* DetailPresenter.swift */,
				C47A56D627D7D5B900FC794D /* DetailViewController.swift */,
				C47A56D727D7D5B900FC794D /* DetailProtocols.swift */,
				C47A56D827D7D5B900FC794D /* DetailInteractor.swift */,
				C47A56D927D7D5B900FC794D /* DetailWireframe.swift */,
			);
			path = Detail;
			sourceTree = "<group>";
		};
		C4DB738C27D8953600C171AF /* Kick-OffTests */ = {
			isa = PBXGroup;
			children = (
				C40B2F0B27D8BFB9001414DB /* Info.plist */,
				C4DB739A27D8A20500C171AF /* Resources */,
				C4DB739427D8990C00C171AF /* Screens */,
			);
			path = "Kick-OffTests";
			sourceTree = "<group>";
		};
		C4DB739427D8990C00C171AF /* Screens */ = {
			isa = PBXGroup;
			children = (
				C4DB739527D8991700C171AF /* Login */,
			);
			path = Screens;
			sourceTree = "<group>";
		};
		C4DB739527D8991700C171AF /* Login */ = {
			isa = PBXGroup;
			children = (
				C4DB739D27D8A35400C171AF /* Mock */,
				C4DB739627D8994800C171AF /* LoginInteractorTests.swift */,
			);
			path = Login;
			sourceTree = "<group>";
		};
		C4DB739A27D8A20500C171AF /* Resources */ = {
			isa = PBXGroup;
			children = (
				C4DB739B27D8A22A00C171AF /* login_stub.json */,
			);
			path = Resources;
			sourceTree = "<group>";
		};
		C4DB739D27D8A35400C171AF /* Mock */ = {
			isa = PBXGroup;
			children = (
				C4DB739E27D8A36B00C171AF /* MockLoginPresenter.swift */,
				C40B2F0C27D8C808001414DB /* MockNetworkService.swift */,
				C4DB739827D8A1D200C171AF /* MockedData.swift */,
			);
			path = Mock;
			sourceTree = "<group>";
		};
		E093CB63FFFD560EE8AAF9AF /* Frameworks */ = {
			isa = PBXGroup;
			children = (
				06321A96C20EA5BFAC9A8030 /* Pods_Kick_Off.framework */,
			);
			name = Frameworks;
			sourceTree = "<group>";
		};
/* End PBXGroup section */

/* Begin PBXNativeTarget section */
		C403108727D3458200AB94E2 /* Kick-Off */ = {
			isa = PBXNativeTarget;
			buildConfigurationList = C403109C27D3458400AB94E2 /* Build configuration list for PBXNativeTarget "Kick-Off" */;
			buildPhases = (
				72DCE2469605D1786A4369E3 /* [CP] Check Pods Manifest.lock */,
				C403108427D3458200AB94E2 /* Sources */,
				C403108527D3458200AB94E2 /* Frameworks */,
				C403108627D3458200AB94E2 /* Resources */,
				D85168F8C6E1A1C054B5450C /* [CP] Embed Pods Frameworks */,
			);
			buildRules = (
			);
			dependencies = (
			);
			name = "Kick-Off";
			productName = "Good Footballers";
			productReference = C403108827D3458200AB94E2 /* Kick-Off.app */;
			productType = "com.apple.product-type.application";
		};
		C4DB738A27D8953600C171AF /* Kick-OffTests */ = {
			isa = PBXNativeTarget;
			buildConfigurationList = C4DB739327D8953600C171AF /* Build configuration list for PBXNativeTarget "Kick-OffTests" */;
			buildPhases = (
				C4DB738727D8953600C171AF /* Sources */,
				C4DB738827D8953600C171AF /* Frameworks */,
				C4DB738927D8953600C171AF /* Resources */,
			);
			buildRules = (
			);
			dependencies = (
				C4DB739027D8953600C171AF /* PBXTargetDependency */,
			);
			name = "Kick-OffTests";
			productName = "Kick-OffTests";
			productReference = C4DB738B27D8953600C171AF /* Kick-OffTests.xctest */;
			productType = "com.apple.product-type.bundle.unit-test";
		};
/* End PBXNativeTarget section */

/* Begin PBXProject section */
		C403108027D3458200AB94E2 /* Project object */ = {
			isa = PBXProject;
			attributes = {
				BuildIndependentTargetsInParallel = 1;
				LastSwiftUpdateCheck = 1330;
				LastUpgradeCheck = 1330;
				TargetAttributes = {
					C403108727D3458200AB94E2 = {
						CreatedOnToolsVersion = 13.3;
					};
					C4DB738A27D8953600C171AF = {
						CreatedOnToolsVersion = 13.3;
						TestTargetID = C403108727D3458200AB94E2;
					};
				};
			};
			buildConfigurationList = C403108327D3458200AB94E2 /* Build configuration list for PBXProject "Kick-Off" */;
			compatibilityVersion = "Xcode 13.0";
			developmentRegion = en;
			hasScannedForEncodings = 0;
			knownRegions = (
				en,
				Base,
			);
			mainGroup = C403107F27D3458200AB94E2;
			productRefGroup = C403108927D3458200AB94E2 /* Products */;
			projectDirPath = "";
			projectRoot = "";
			targets = (
				C403108727D3458200AB94E2 /* Kick-Off */,
				C4DB738A27D8953600C171AF /* Kick-OffTests */,
			);
		};
/* End PBXProject section */

/* Begin PBXResourcesBuildPhase section */
		C403108627D3458200AB94E2 /* Resources */ = {
			isa = PBXResourcesBuildPhase;
			buildActionMask = 2147483647;
			files = (
				C403109827D3458400AB94E2 /* LaunchScreen.storyboard in Resources */,
				C47A56CF27D7B4F400FC794D /* TagCell.xib in Resources */,
				C403109527D3458400AB94E2 /* Assets.xcassets in Resources */,
				C403109327D3458200AB94E2 /* Main.storyboard in Resources */,
				C4468F5D27D6BC4400C77A86 /* ContentCell.xib in Resources */,
			);
			runOnlyForDeploymentPostprocessing = 0;
		};
		C4DB738927D8953600C171AF /* Resources */ = {
			isa = PBXResourcesBuildPhase;
			buildActionMask = 2147483647;
			files = (
				C4DB739C27D8A22A00C171AF /* login_stub.json in Resources */,
			);
			runOnlyForDeploymentPostprocessing = 0;
		};
/* End PBXResourcesBuildPhase section */

/* Begin PBXShellScriptBuildPhase section */
		72DCE2469605D1786A4369E3 /* [CP] Check Pods Manifest.lock */ = {
			isa = PBXShellScriptBuildPhase;
			buildActionMask = 2147483647;
			files = (
			);
			inputFileListPaths = (
			);
			inputPaths = (
				"${PODS_PODFILE_DIR_PATH}/Podfile.lock",
				"${PODS_ROOT}/Manifest.lock",
			);
			name = "[CP] Check Pods Manifest.lock";
			outputFileListPaths = (
			);
			outputPaths = (
				"$(DERIVED_FILE_DIR)/Pods-Kick-Off-checkManifestLockResult.txt",
			);
			runOnlyForDeploymentPostprocessing = 0;
			shellPath = /bin/sh;
			shellScript = "diff \"${PODS_PODFILE_DIR_PATH}/Podfile.lock\" \"${PODS_ROOT}/Manifest.lock\" > /dev/null\nif [ $? != 0 ] ; then\n    # print error to STDERR\n    echo \"error: The sandbox is not in sync with the Podfile.lock. Run 'pod install' or update your CocoaPods installation.\" >&2\n    exit 1\nfi\n# This output is used by Xcode 'outputs' to avoid re-running this script phase.\necho \"SUCCESS\" > \"${SCRIPT_OUTPUT_FILE_0}\"\n";
			showEnvVarsInLog = 0;
		};
		D85168F8C6E1A1C054B5450C /* [CP] Embed Pods Frameworks */ = {
			isa = PBXShellScriptBuildPhase;
			buildActionMask = 2147483647;
			files = (
			);
			inputFileListPaths = (
				"${PODS_ROOT}/Target Support Files/Pods-Kick-Off/Pods-Kick-Off-frameworks-${CONFIGURATION}-input-files.xcfilelist",
			);
			name = "[CP] Embed Pods Frameworks";
			outputFileListPaths = (
				"${PODS_ROOT}/Target Support Files/Pods-Kick-Off/Pods-Kick-Off-frameworks-${CONFIGURATION}-output-files.xcfilelist",
			);
			runOnlyForDeploymentPostprocessing = 0;
			shellPath = /bin/sh;
			shellScript = "\"${PODS_ROOT}/Target Support Files/Pods-Kick-Off/Pods-Kick-Off-frameworks.sh\"\n";
			showEnvVarsInLog = 0;
		};
/* End PBXShellScriptBuildPhase section */

/* Begin PBXSourcesBuildPhase section */
		C403108427D3458200AB94E2 /* Sources */ = {
			isa = PBXSourcesBuildPhase;
			buildActionMask = 2147483647;
			files = (
				C47A56C227D7AB5900FC794D /* HtmlRender.swift in Sources */,
				C47A56D327D7CBE300FC794D /* TagsCollectionViewFlowLayout.swift in Sources */,
				C4468F4A27D5FE9200C77A86 /* UserDefaults+Keys.swift in Sources */,
				C4468F3627D3CF7800C77A86 /* LoginViewController.swift in Sources */,
				C4468F1F27D3613000C77A86 /* BasePresenter.swift in Sources */,
				C4468F2327D3613000C77A86 /* BaseWireframe.swift in Sources */,
				C4468F5427D603D100C77A86 /* HomeProtocols.swift in Sources */,
				C47A56C927D7AB5900FC794D /* ChildOf.swift in Sources */,
				C47A56C027D7AB5900FC794D /* XmlRender.swift in Sources */,
				C4468F4827D54D8400C77A86 /* LoginModel.swift in Sources */,
				C4468F5827D6B57300C77A86 /* ContentsModel.swift in Sources */,
				C47A56C727D7AB5900FC794D /* DebugXmlRender.swift in Sources */,
				C4468F3827D3CF7800C77A86 /* LoginInteractor.swift in Sources */,
				C4468F5327D603D100C77A86 /* HomeViewController.swift in Sources */,
				C47A56BF27D7AB5900FC794D /* Attributes.swift in Sources */,
				C47A56DD27D7D5B900FC794D /* DetailInteractor.swift in Sources */,
				C47A56CD27D7B4CD00FC794D /* TagCell.swift in Sources */,
				C47A56C327D7AB5900FC794D /* Events.swift in Sources */,
				C47A56E627D81ED000FC794D /* ContentDetailModel.swift in Sources */,
				C4468F5527D603D100C77A86 /* HomeInteractor.swift in Sources */,
				C4468F2127D3613000C77A86 /* BaseProtocols.swift in Sources */,
				C4468F3927D3CF7800C77A86 /* LoginWireframe.swift in Sources */,
				C4468F3C27D3D04000C77A86 /* UIViewController+Extension.swift in Sources */,
				C4468F3727D3CF7800C77A86 /* LoginProtocols.swift in Sources */,
				C47A56C127D7AB5900FC794D /* MediaType.swift in Sources */,
				C4468F2C27D3982B00C77A86 /* NetworkRequestAdapter.swift in Sources */,
				C4468F5B27D6BC1B00C77A86 /* ContentCell.swift in Sources */,
				C47A56DB27D7D5B900FC794D /* DetailViewController.swift in Sources */,
				C4468F2F27D3C1AC00C77A86 /* NetworkError.swift in Sources */,
				C47A56DC27D7D5B900FC794D /* DetailProtocols.swift in Sources */,
				C4468F4427D5492E00C77A86 /* NetworkConstants.swift in Sources */,
				C47A56C627D7AB5900FC794D /* Html4.swift in Sources */,
				C4468F4027D3E10600C77A86 /* Collection+Extension.swift in Sources */,
				C47A56CA27D7AB5900FC794D /* DebugRender.swift in Sources */,
				C4468F5627D603D100C77A86 /* HomeWireframe.swift in Sources */,
				C47A56C527D7AB5900FC794D /* Aria.swift in Sources */,
				C4468F2727D3803800C77A86 /* NetworkService.swift in Sources */,
				C47A56C427D7AB5900FC794D /* Elements.swift in Sources */,
				C47A56C827D7AB5900FC794D /* Tag.swift in Sources */,
				C47A56CB27D7AB5900FC794D /* Node.swift in Sources */,
				C4468F3527D3CF7800C77A86 /* LoginPresenter.swift in Sources */,
				C4468F3E27D3D20400C77A86 /* NSObject+Extension.swift in Sources */,
				C47A56DA27D7D5B900FC794D /* DetailPresenter.swift in Sources */,
				C47A56E827D8328E00FC794D /* HtmlStyleSheet.swift in Sources */,
				C4468F2227D3613000C77A86 /* BaseInteractor.swift in Sources */,
				C4468F2027D3613000C77A86 /* BaseViewController.swift in Sources */,
				C47A56DE27D7D5B900FC794D /* DetailWireframe.swift in Sources */,
				C47A56E227D7EA4E00FC794D /* UIView+RoundCorners.swift in Sources */,
				C403108C27D3458200AB94E2 /* AppDelegate.swift in Sources */,
				C47A56E027D7E9D200FC794D /* UIView+Shadow.swift in Sources */,
				C403108E27D3458200AB94E2 /* SceneDelegate.swift in Sources */,
				C47A56D127D7B63F00FC794D /* UIColor+Init.swift in Sources */,
				C4468F5227D603D100C77A86 /* HomePresenter.swift in Sources */,
			);
			runOnlyForDeploymentPostprocessing = 0;
		};
		C4DB738727D8953600C171AF /* Sources */ = {
			isa = PBXSourcesBuildPhase;
			buildActionMask = 2147483647;
			files = (
				C40B2F0D27D8C808001414DB /* MockNetworkService.swift in Sources */,
				C4DB739F27D8A36B00C171AF /* MockLoginPresenter.swift in Sources */,
				C4DB739927D8A1D200C171AF /* MockedData.swift in Sources */,
				C4DB739727D8994800C171AF /* LoginInteractorTests.swift in Sources */,
			);
			runOnlyForDeploymentPostprocessing = 0;
		};
/* End PBXSourcesBuildPhase section */

/* Begin PBXTargetDependency section */
		C4DB739027D8953600C171AF /* PBXTargetDependency */ = {
			isa = PBXTargetDependency;
			target = C403108727D3458200AB94E2 /* Kick-Off */;
			targetProxy = C4DB738F27D8953600C171AF /* PBXContainerItemProxy */;
		};
/* End PBXTargetDependency section */

/* Begin PBXVariantGroup section */
		C403109127D3458200AB94E2 /* Main.storyboard */ = {
			isa = PBXVariantGroup;
			children = (
				C403109227D3458200AB94E2 /* Base */,
			);
			name = Main.storyboard;
			sourceTree = "<group>";
		};
		C403109627D3458400AB94E2 /* LaunchScreen.storyboard */ = {
			isa = PBXVariantGroup;
			children = (
				C403109727D3458400AB94E2 /* Base */,
			);
			name = LaunchScreen.storyboard;
			sourceTree = "<group>";
		};
/* End PBXVariantGroup section */

/* Begin XCBuildConfiguration section */
		C403109A27D3458400AB94E2 /* Debug */ = {
			isa = XCBuildConfiguration;
			buildSettings = {
				ALWAYS_SEARCH_USER_PATHS = NO;
				CLANG_ANALYZER_NONNULL = YES;
				CLANG_ANALYZER_NUMBER_OBJECT_CONVERSION = YES_AGGRESSIVE;
				CLANG_CXX_LANGUAGE_STANDARD = "gnu++17";
				CLANG_ENABLE_MODULES = YES;
				CLANG_ENABLE_OBJC_ARC = YES;
				CLANG_ENABLE_OBJC_WEAK = YES;
				CLANG_WARN_BLOCK_CAPTURE_AUTORELEASING = YES;
				CLANG_WARN_BOOL_CONVERSION = YES;
				CLANG_WARN_COMMA = YES;
				CLANG_WARN_CONSTANT_CONVERSION = YES;
				CLANG_WARN_DEPRECATED_OBJC_IMPLEMENTATIONS = YES;
				CLANG_WARN_DIRECT_OBJC_ISA_USAGE = YES_ERROR;
				CLANG_WARN_DOCUMENTATION_COMMENTS = YES;
				CLANG_WARN_EMPTY_BODY = YES;
				CLANG_WARN_ENUM_CONVERSION = YES;
				CLANG_WARN_INFINITE_RECURSION = YES;
				CLANG_WARN_INT_CONVERSION = YES;
				CLANG_WARN_NON_LITERAL_NULL_CONVERSION = YES;
				CLANG_WARN_OBJC_IMPLICIT_RETAIN_SELF = YES;
				CLANG_WARN_OBJC_LITERAL_CONVERSION = YES;
				CLANG_WARN_OBJC_ROOT_CLASS = YES_ERROR;
				CLANG_WARN_QUOTED_INCLUDE_IN_FRAMEWORK_HEADER = YES;
				CLANG_WARN_RANGE_LOOP_ANALYSIS = YES;
				CLANG_WARN_STRICT_PROTOTYPES = YES;
				CLANG_WARN_SUSPICIOUS_MOVE = YES;
				CLANG_WARN_UNGUARDED_AVAILABILITY = YES_AGGRESSIVE;
				CLANG_WARN_UNREACHABLE_CODE = YES;
				CLANG_WARN__DUPLICATE_METHOD_MATCH = YES;
				COPY_PHASE_STRIP = NO;
				DEBUG_INFORMATION_FORMAT = dwarf;
				ENABLE_STRICT_OBJC_MSGSEND = YES;
				ENABLE_TESTABILITY = YES;
				GCC_C_LANGUAGE_STANDARD = gnu11;
				GCC_DYNAMIC_NO_PIC = NO;
				GCC_NO_COMMON_BLOCKS = YES;
				GCC_OPTIMIZATION_LEVEL = 0;
				GCC_PREPROCESSOR_DEFINITIONS = (
					"DEBUG=1",
					"$(inherited)",
				);
				GCC_WARN_64_TO_32_BIT_CONVERSION = YES;
				GCC_WARN_ABOUT_RETURN_TYPE = YES_ERROR;
				GCC_WARN_UNDECLARED_SELECTOR = YES;
				GCC_WARN_UNINITIALIZED_AUTOS = YES_AGGRESSIVE;
				GCC_WARN_UNUSED_FUNCTION = YES;
				GCC_WARN_UNUSED_VARIABLE = YES;
				IPHONEOS_DEPLOYMENT_TARGET = 15.4;
				MTL_ENABLE_DEBUG_INFO = INCLUDE_SOURCE;
				MTL_FAST_MATH = YES;
				ONLY_ACTIVE_ARCH = YES;
				SDKROOT = iphoneos;
				SWIFT_ACTIVE_COMPILATION_CONDITIONS = DEBUG;
				SWIFT_OPTIMIZATION_LEVEL = "-Onone";
			};
			name = Debug;
		};
		C403109B27D3458400AB94E2 /* Release */ = {
			isa = XCBuildConfiguration;
			buildSettings = {
				ALWAYS_SEARCH_USER_PATHS = NO;
				CLANG_ANALYZER_NONNULL = YES;
				CLANG_ANALYZER_NUMBER_OBJECT_CONVERSION = YES_AGGRESSIVE;
				CLANG_CXX_LANGUAGE_STANDARD = "gnu++17";
				CLANG_ENABLE_MODULES = YES;
				CLANG_ENABLE_OBJC_ARC = YES;
				CLANG_ENABLE_OBJC_WEAK = YES;
				CLANG_WARN_BLOCK_CAPTURE_AUTORELEASING = YES;
				CLANG_WARN_BOOL_CONVERSION = YES;
				CLANG_WARN_COMMA = YES;
				CLANG_WARN_CONSTANT_CONVERSION = YES;
				CLANG_WARN_DEPRECATED_OBJC_IMPLEMENTATIONS = YES;
				CLANG_WARN_DIRECT_OBJC_ISA_USAGE = YES_ERROR;
				CLANG_WARN_DOCUMENTATION_COMMENTS = YES;
				CLANG_WARN_EMPTY_BODY = YES;
				CLANG_WARN_ENUM_CONVERSION = YES;
				CLANG_WARN_INFINITE_RECURSION = YES;
				CLANG_WARN_INT_CONVERSION = YES;
				CLANG_WARN_NON_LITERAL_NULL_CONVERSION = YES;
				CLANG_WARN_OBJC_IMPLICIT_RETAIN_SELF = YES;
				CLANG_WARN_OBJC_LITERAL_CONVERSION = YES;
				CLANG_WARN_OBJC_ROOT_CLASS = YES_ERROR;
				CLANG_WARN_QUOTED_INCLUDE_IN_FRAMEWORK_HEADER = YES;
				CLANG_WARN_RANGE_LOOP_ANALYSIS = YES;
				CLANG_WARN_STRICT_PROTOTYPES = YES;
				CLANG_WARN_SUSPICIOUS_MOVE = YES;
				CLANG_WARN_UNGUARDED_AVAILABILITY = YES_AGGRESSIVE;
				CLANG_WARN_UNREACHABLE_CODE = YES;
				CLANG_WARN__DUPLICATE_METHOD_MATCH = YES;
				COPY_PHASE_STRIP = NO;
				DEBUG_INFORMATION_FORMAT = "dwarf-with-dsym";
				ENABLE_NS_ASSERTIONS = NO;
				ENABLE_STRICT_OBJC_MSGSEND = YES;
				GCC_C_LANGUAGE_STANDARD = gnu11;
				GCC_NO_COMMON_BLOCKS = YES;
				GCC_WARN_64_TO_32_BIT_CONVERSION = YES;
				GCC_WARN_ABOUT_RETURN_TYPE = YES_ERROR;
				GCC_WARN_UNDECLARED_SELECTOR = YES;
				GCC_WARN_UNINITIALIZED_AUTOS = YES_AGGRESSIVE;
				GCC_WARN_UNUSED_FUNCTION = YES;
				GCC_WARN_UNUSED_VARIABLE = YES;
				IPHONEOS_DEPLOYMENT_TARGET = 15.4;
				MTL_ENABLE_DEBUG_INFO = NO;
				MTL_FAST_MATH = YES;
				SDKROOT = iphoneos;
				SWIFT_COMPILATION_MODE = wholemodule;
				SWIFT_OPTIMIZATION_LEVEL = "-O";
				VALIDATE_PRODUCT = YES;
			};
			name = Release;
		};
		C403109D27D3458400AB94E2 /* Debug */ = {
			isa = XCBuildConfiguration;
			baseConfigurationReference = E2D348D96A7F5C92DA05D5D6 /* Pods-Kick-Off.debug.xcconfig */;
			buildSettings = {
				ASSETCATALOG_COMPILER_APPICON_NAME = AppIcon;
				ASSETCATALOG_COMPILER_GLOBAL_ACCENT_COLOR_NAME = AccentColor;
				CODE_SIGN_STYLE = Automatic;
				CURRENT_PROJECT_VERSION = 1;
				DEVELOPMENT_TEAM = 7EDAUAAC3Z;
				GENERATE_INFOPLIST_FILE = YES;
				INFOPLIST_FILE = "Kick-Off/Application/Info.plist";
				INFOPLIST_KEY_CFBundleDisplayName = "Kick-Off";
				INFOPLIST_KEY_UIApplicationSupportsIndirectInputEvents = YES;
				INFOPLIST_KEY_UILaunchStoryboardName = LaunchScreen;
				INFOPLIST_KEY_UISupportedInterfaceOrientations_iPad = "UIInterfaceOrientationPortrait UIInterfaceOrientationPortraitUpsideDown UIInterfaceOrientationLandscapeLeft UIInterfaceOrientationLandscapeRight";
				INFOPLIST_KEY_UISupportedInterfaceOrientations_iPhone = "UIInterfaceOrientationPortrait UIInterfaceOrientationLandscapeLeft UIInterfaceOrientationLandscapeRight";
				IPHONEOS_DEPLOYMENT_TARGET = 14.7;
				LD_RUNPATH_SEARCH_PATHS = (
					"$(inherited)",
					"@executable_path/Frameworks",
				);
				MARKETING_VERSION = 1.0;
				PRODUCT_BUNDLE_IDENTIFIER = "com.nope.kick-off";
				PRODUCT_NAME = "$(TARGET_NAME)";
				SWIFT_EMIT_LOC_STRINGS = YES;
				SWIFT_VERSION = 5.0;
				TARGETED_DEVICE_FAMILY = "1,2";
			};
			name = Debug;
		};
		C403109E27D3458400AB94E2 /* Release */ = {
			isa = XCBuildConfiguration;
			baseConfigurationReference = E743B612121622F124734565 /* Pods-Kick-Off.release.xcconfig */;
			buildSettings = {
				ASSETCATALOG_COMPILER_APPICON_NAME = AppIcon;
				ASSETCATALOG_COMPILER_GLOBAL_ACCENT_COLOR_NAME = AccentColor;
				CODE_SIGN_STYLE = Automatic;
				CURRENT_PROJECT_VERSION = 1;
				DEVELOPMENT_TEAM = 7EDAUAAC3Z;
				GENERATE_INFOPLIST_FILE = YES;
				INFOPLIST_FILE = "Kick-Off/Application/Info.plist";
				INFOPLIST_KEY_CFBundleDisplayName = "Kick-Off";
				INFOPLIST_KEY_UIApplicationSupportsIndirectInputEvents = YES;
				INFOPLIST_KEY_UILaunchStoryboardName = LaunchScreen;
				INFOPLIST_KEY_UISupportedInterfaceOrientations_iPad = "UIInterfaceOrientationPortrait UIInterfaceOrientationPortraitUpsideDown UIInterfaceOrientationLandscapeLeft UIInterfaceOrientationLandscapeRight";
				INFOPLIST_KEY_UISupportedInterfaceOrientations_iPhone = "UIInterfaceOrientationPortrait UIInterfaceOrientationLandscapeLeft UIInterfaceOrientationLandscapeRight";
				IPHONEOS_DEPLOYMENT_TARGET = 14.7;
				LD_RUNPATH_SEARCH_PATHS = (
					"$(inherited)",
					"@executable_path/Frameworks",
				);
				MARKETING_VERSION = 1.0;
				PRODUCT_BUNDLE_IDENTIFIER = "com.nope.kick-off";
				PRODUCT_NAME = "$(TARGET_NAME)";
				SWIFT_EMIT_LOC_STRINGS = YES;
				SWIFT_VERSION = 5.0;
				TARGETED_DEVICE_FAMILY = "1,2";
			};
			name = Release;
		};
		C4DB739127D8953600C171AF /* Debug */ = {
			isa = XCBuildConfiguration;
			buildSettings = {
				BUNDLE_LOADER = "$(TEST_HOST)";
				CODE_SIGN_STYLE = Automatic;
				CURRENT_PROJECT_VERSION = 1;
				DEVELOPMENT_TEAM = 7EDAUAAC3Z;
				GENERATE_INFOPLIST_FILE = YES;
				INFOPLIST_FILE = "Kick-OffTests/Info.plist";
				INFOPLIST_KEY_LSApplicationCategoryType = "";
				MARKETING_VERSION = 1.0;
				PRODUCT_BUNDLE_IDENTIFIER = "com.nope.Kick-OffTests";
				PRODUCT_NAME = "$(TARGET_NAME)";
				SWIFT_EMIT_LOC_STRINGS = NO;
				SWIFT_VERSION = 5.0;
				TARGETED_DEVICE_FAMILY = "1,2";
				TEST_HOST = "$(BUILT_PRODUCTS_DIR)/Kick-Off.app/Kick-Off";
			};
			name = Debug;
		};
		C4DB739227D8953600C171AF /* Release */ = {
			isa = XCBuildConfiguration;
			buildSettings = {
				BUNDLE_LOADER = "$(TEST_HOST)";
				CODE_SIGN_STYLE = Automatic;
				CURRENT_PROJECT_VERSION = 1;
				DEVELOPMENT_TEAM = 7EDAUAAC3Z;
				GENERATE_INFOPLIST_FILE = YES;
				INFOPLIST_FILE = "Kick-OffTests/Info.plist";
				INFOPLIST_KEY_LSApplicationCategoryType = "";
				MARKETING_VERSION = 1.0;
				PRODUCT_BUNDLE_IDENTIFIER = "com.nope.Kick-OffTests";
				PRODUCT_NAME = "$(TARGET_NAME)";
				SWIFT_EMIT_LOC_STRINGS = NO;
				SWIFT_VERSION = 5.0;
				TARGETED_DEVICE_FAMILY = "1,2";
				TEST_HOST = "$(BUILT_PRODUCTS_DIR)/Kick-Off.app/Kick-Off";
			};
			name = Release;
		};
/* End XCBuildConfiguration section */

/* Begin XCConfigurationList section */
		C403108327D3458200AB94E2 /* Build configuration list for PBXProject "Kick-Off" */ = {
			isa = XCConfigurationList;
			buildConfigurations = (
				C403109A27D3458400AB94E2 /* Debug */,
				C403109B27D3458400AB94E2 /* Release */,
			);
			defaultConfigurationIsVisible = 0;
			defaultConfigurationName = Release;
		};
		C403109C27D3458400AB94E2 /* Build configuration list for PBXNativeTarget "Kick-Off" */ = {
			isa = XCConfigurationList;
			buildConfigurations = (
				C403109D27D3458400AB94E2 /* Debug */,
				C403109E27D3458400AB94E2 /* Release */,
			);
			defaultConfigurationIsVisible = 0;
			defaultConfigurationName = Release;
		};
		C4DB739327D8953600C171AF /* Build configuration list for PBXNativeTarget "Kick-OffTests" */ = {
			isa = XCConfigurationList;
			buildConfigurations = (
				C4DB739127D8953600C171AF /* Debug */,
				C4DB739227D8953600C171AF /* Release */,
			);
			defaultConfigurationIsVisible = 0;
			defaultConfigurationName = Release;
		};
/* End XCConfigurationList section */
	};
	rootObject = C403108027D3458200AB94E2 /* Project object */;
}
